Microsoft Visual Studio Solution File, Format Version 12.00
# Visual Studio 2012
Project("{FAE04EC0-301F-11D3-BF4B-00C04F79EFBC}") = "Zebra_first_ame", "Zebra_first_ame.csproj", "{7CC5FBF4-F650-486F-A8A8-95D63A1F1E06}"
EndProject
Global
	GlobalSection(SolutionConfigurationPlatforms) = preSolution
	Debug|Any CPU = Debug|Any CPU
	ExportDebug|Any CPU = ExportDebug|Any CPU
	ExportRelease|Any CPU = ExportRelease|Any CPU
	EndGlobalSection
	GlobalSection(ProjectConfigurationPlatforms) = postSolution
		{7CC5FBF4-F650-486F-A8A8-95D63A1F1E06}.Debug|Any CPU.ActiveCfg = Debug|Any CPU
		{7CC5FBF4-F650-486F-A8A8-95D63A1F1E06}.Debug|Any CPU.Build.0 = Debug|Any CPU
		{7CC5FBF4-F650-486F-A8A8-95D63A1F1E06}.ExportDebug|Any CPU.ActiveCfg = ExportDebug|Any CPU
		{7CC5FBF4-F650-486F-A8A8-95D63A1F1E06}.ExportDebug|Any CPU.Build.0 = ExportDebug|Any CPU
		{7CC5FBF4-F650-486F-A8A8-95D63A1F1E06}.ExportRelease|Any CPU.ActiveCfg = ExportRelease|Any CPU
		{7CC5FBF4-F650-486F-A8A8-95D63A1F1E06}.ExportRelease|Any CPU.Build.0 = ExportRelease|Any CPU
	EndGlobalSection
EndGlobal
